// !$*UTF8*$!
{
	archiveVersion = 1;
	classes = {
	};
	objectVersion = 46;
	objects = {

/* Begin PBXBuildFile section */
		903DA6521AE6D7B70010508D /* DSAnimatedAppleView.swift in Sources */ = {isa = PBXBuildFile; fileRef = 903DA6511AE6D7B70010508D /* DSAnimatedAppleView.swift */; };
		903F5C921AE04172008E1FAB /* GradientView.swift in Sources */ = {isa = PBXBuildFile; fileRef = 903F5C911AE04172008E1FAB /* GradientView.swift */; };
		903F5C961AE04ACA008E1FAB /* ProjectDetailsViewController.swift in Sources */ = {isa = PBXBuildFile; fileRef = 903F5C941AE04ACA008E1FAB /* ProjectDetailsViewController.swift */; };
		90476B651AE7AA61002CAF31 /* TunelCollectionViewLayout.m in Sources */ = {isa = PBXBuildFile; fileRef = 90476B641AE7AA61002CAF31 /* TunelCollectionViewLayout.m */; };
		9070533E1ADF00C700DC8E27 /* ProjectsViewController.swift in Sources */ = {isa = PBXBuildFile; fileRef = 9070533D1ADF00C700DC8E27 /* ProjectsViewController.swift */; };
		907053441ADF023500DC8E27 /* PBDCarouselCollectionViewLayout.m in Sources */ = {isa = PBXBuildFile; fileRef = 907053431ADF023500DC8E27 /* PBDCarouselCollectionViewLayout.m */; };
		9070534B1ADF041000DC8E27 /* ProjectCollectionViewCell.swift in Sources */ = {isa = PBXBuildFile; fileRef = 907053491ADF041000DC8E27 /* ProjectCollectionViewCell.swift */; };
		9070534C1ADF041000DC8E27 /* ProjectCollectionViewCell.xib in Resources */ = {isa = PBXBuildFile; fileRef = 9070534A1ADF041000DC8E27 /* ProjectCollectionViewCell.xib */; };
		908037F41AE26A4C000CE771 /* SpreadingTransition.swift in Sources */ = {isa = PBXBuildFile; fileRef = 908037F31AE26A4C000CE771 /* SpreadingTransition.swift */; };
		9092A04E1AE3DBBB00EFE45E /* CirclesEditorViewController.swift in Sources */ = {isa = PBXBuildFile; fileRef = 9092A04D1AE3DBBB00EFE45E /* CirclesEditorViewController.swift */; };
		909757DF1AE6ED0800F858AA /* IntoTheWildView.xib in Resources */ = {isa = PBXBuildFile; fileRef = 909757DE1AE6ED0800F858AA /* IntoTheWildView.xib */; };
		909757E11AE6FFB500F858AA /* IntoTheWildViewController.swift in Sources */ = {isa = PBXBuildFile; fileRef = 909757E01AE6FFB500F858AA /* IntoTheWildViewController.swift */; };
		909AD2E41ADD7FA2003344F7 /* AppDelegate.swift in Sources */ = {isa = PBXBuildFile; fileRef = 909AD2E31ADD7FA2003344F7 /* AppDelegate.swift */; };
		909AD2E61ADD7FA2003344F7 /* ViewController.swift in Sources */ = {isa = PBXBuildFile; fileRef = 909AD2E51ADD7FA2003344F7 /* ViewController.swift */; };
		909AD2E91ADD7FA2003344F7 /* Main.storyboard in Resources */ = {isa = PBXBuildFile; fileRef = 909AD2E71ADD7FA2003344F7 /* Main.storyboard */; };
		909AD2EB1ADD7FA2003344F7 /* Images.xcassets in Resources */ = {isa = PBXBuildFile; fileRef = 909AD2EA1ADD7FA2003344F7 /* Images.xcassets */; };
		909AD2EE1ADD7FA2003344F7 /* LaunchScreen.xib in Resources */ = {isa = PBXBuildFile; fileRef = 909AD2EC1ADD7FA2003344F7 /* LaunchScreen.xib */; };
		909AD2FA1ADD7FA2003344F7 /* WWDC15Tests.swift in Sources */ = {isa = PBXBuildFile; fileRef = 909AD2F91ADD7FA2003344F7 /* WWDC15Tests.swift */; };
		90C3E8C21AE6B60B006338F7 /* points.plist in Resources */ = {isa = PBXBuildFile; fileRef = 90C3E8C11AE6B60B006338F7 /* points.plist */; };
/* End PBXBuildFile section */

/* Begin PBXContainerItemProxy section */
		909AD2F41ADD7FA2003344F7 /* PBXContainerItemProxy */ = {
			isa = PBXContainerItemProxy;
			containerPortal = 909AD2D61ADD7FA2003344F7 /* Project object */;
			proxyType = 1;
			remoteGlobalIDString = 909AD2DD1ADD7FA2003344F7;
			remoteInfo = WWDC15;
		};
/* End PBXContainerItemProxy section */

/* Begin PBXFileReference section */
		903DA6511AE6D7B70010508D /* DSAnimatedAppleView.swift */ = {isa = PBXFileReference; fileEncoding = 4; lastKnownFileType = sourcecode.swift; name = DSAnimatedAppleView.swift; path = Code/Views/DSAnimatedAppleView.swift; sourceTree = "<group>"; };
		903F5C911AE04172008E1FAB /* GradientView.swift */ = {isa = PBXFileReference; fileEncoding = 4; lastKnownFileType = sourcecode.swift; name = GradientView.swift; path = Code/Views/Shared/GradientView.swift; sourceTree = "<group>"; };
		903F5C941AE04ACA008E1FAB /* ProjectDetailsViewController.swift */ = {isa = PBXFileReference; fileEncoding = 4; lastKnownFileType = sourcecode.swift; name = ProjectDetailsViewController.swift; path = Code/Controllers/ProjectDetailsViewController.swift; sourceTree = "<group>"; };
		90476B631AE7AA61002CAF31 /* TunelCollectionViewLayout.h */ = {isa = PBXFileReference; fileEncoding = 4; lastKnownFileType = sourcecode.c.h; name = TunelCollectionViewLayout.h; path = Code/Utils/TunelCollectionViewLayout.h; sourceTree = "<group>"; };
		90476B641AE7AA61002CAF31 /* TunelCollectionViewLayout.m */ = {isa = PBXFileReference; fileEncoding = 4; lastKnownFileType = sourcecode.c.objc; name = TunelCollectionViewLayout.m; path = Code/Utils/TunelCollectionViewLayout.m; sourceTree = "<group>"; };
		9070533D1ADF00C700DC8E27 /* ProjectsViewController.swift */ = {isa = PBXFileReference; fileEncoding = 4; lastKnownFileType = sourcecode.swift; name = ProjectsViewController.swift; path = Code/Controllers/ProjectsViewController.swift; sourceTree = "<group>"; };
		907053411ADF023500DC8E27 /* WWDC15-Bridging-Header.h */ = {isa = PBXFileReference; lastKnownFileType = sourcecode.c.h; path = "WWDC15-Bridging-Header.h"; sourceTree = "<group>"; };
		907053421ADF023500DC8E27 /* PBDCarouselCollectionViewLayout.h */ = {isa = PBXFileReference; fileEncoding = 4; lastKnownFileType = sourcecode.c.h; name = PBDCarouselCollectionViewLayout.h; path = Code/Utils/PBDCarouselCollectionViewLayout.h; sourceTree = "<group>"; };
		907053431ADF023500DC8E27 /* PBDCarouselCollectionViewLayout.m */ = {isa = PBXFileReference; fileEncoding = 4; lastKnownFileType = sourcecode.c.objc; name = PBDCarouselCollectionViewLayout.m; path = Code/Utils/PBDCarouselCollectionViewLayout.m; sourceTree = "<group>"; };
		907053491ADF041000DC8E27 /* ProjectCollectionViewCell.swift */ = {isa = PBXFileReference; fileEncoding = 4; lastKnownFileType = sourcecode.swift; name = ProjectCollectionViewCell.swift; path = Code/Views/Cells/ProjectCollectionViewCell.swift; sourceTree = "<group>"; };
		9070534A1ADF041000DC8E27 /* ProjectCollectionViewCell.xib */ = {isa = PBXFileReference; fileEncoding = 4; lastKnownFileType = file.xib; name = ProjectCollectionViewCell.xib; path = Code/Views/Cells/ProjectCollectionViewCell.xib; sourceTree = "<group>"; };
		908037F31AE26A4C000CE771 /* SpreadingTransition.swift */ = {isa = PBXFileReference; fileEncoding = 4; lastKnownFileType = sourcecode.swift; name = SpreadingTransition.swift; path = Code/Utils/Transitions/SpreadingTransition.swift; sourceTree = "<group>"; };
		9092A04D1AE3DBBB00EFE45E /* CirclesEditorViewController.swift */ = {isa = PBXFileReference; fileEncoding = 4; lastKnownFileType = sourcecode.swift; name = CirclesEditorViewController.swift; path = Code/Controllers/CirclesEditorViewController.swift; sourceTree = "<group>"; };
		909757DE1AE6ED0800F858AA /* IntoTheWildView.xib */ = {isa = PBXFileReference; fileEncoding = 4; lastKnownFileType = file.xib; name = IntoTheWildView.xib; path = Code/Views/IntoTheWildView.xib; sourceTree = "<group>"; };
		909757E01AE6FFB500F858AA /* IntoTheWildViewController.swift */ = {isa = PBXFileReference; fileEncoding = 4; lastKnownFileType = sourcecode.swift; name = IntoTheWildViewController.swift; path = Code/Controllers/IntoTheWildViewController.swift; sourceTree = "<group>"; };
		909AD2DE1ADD7FA2003344F7 /* WWDC15.app */ = {isa = PBXFileReference; explicitFileType = wrapper.application; includeInIndex = 0; path = WWDC15.app; sourceTree = BUILT_PRODUCTS_DIR; };
		909AD2E21ADD7FA2003344F7 /* Info.plist */ = {isa = PBXFileReference; lastKnownFileType = text.plist.xml; path = Info.plist; sourceTree = "<group>"; };
		909AD2E31ADD7FA2003344F7 /* AppDelegate.swift */ = {isa = PBXFileReference; lastKnownFileType = sourcecode.swift; path = AppDelegate.swift; sourceTree = "<group>"; };
		909AD2E51ADD7FA2003344F7 /* ViewController.swift */ = {isa = PBXFileReference; lastKnownFileType = sourcecode.swift; path = ViewController.swift; sourceTree = "<group>"; };
		909AD2E81ADD7FA2003344F7 /* Base */ = {isa = PBXFileReference; lastKnownFileType = file.storyboard; name = Base; path = Base.lproj/Main.storyboard; sourceTree = "<group>"; };
		909AD2EA1ADD7FA2003344F7 /* Images.xcassets */ = {isa = PBXFileReference; lastKnownFileType = folder.assetcatalog; path = Images.xcassets; sourceTree = "<group>"; };
		909AD2ED1ADD7FA2003344F7 /* Base */ = {isa = PBXFileReference; lastKnownFileType = file.xib; name = Base; path = Base.lproj/LaunchScreen.xib; sourceTree = "<group>"; };
		909AD2F31ADD7FA2003344F7 /* WWDC15Tests.xctest */ = {isa = PBXFileReference; explicitFileType = wrapper.cfbundle; includeInIndex = 0; path = WWDC15Tests.xctest; sourceTree = BUILT_PRODUCTS_DIR; };
		909AD2F81ADD7FA2003344F7 /* Info.plist */ = {isa = PBXFileReference; lastKnownFileType = text.plist.xml; path = Info.plist; sourceTree = "<group>"; };
		909AD2F91ADD7FA2003344F7 /* WWDC15Tests.swift */ = {isa = PBXFileReference; lastKnownFileType = sourcecode.swift; path = WWDC15Tests.swift; sourceTree = "<group>"; };
		90C3E8C11AE6B60B006338F7 /* points.plist */ = {isa = PBXFileReference; fileEncoding = 4; lastKnownFileType = text.plist.xml; name = points.plist; path = Resources/points.plist; sourceTree = "<group>"; };
/* End PBXFileReference section */

/* Begin PBXFrameworksBuildPhase section */
		909AD2DB1ADD7FA2003344F7 /* Frameworks */ = {
			isa = PBXFrameworksBuildPhase;
			buildActionMask = 2147483647;
			files = (
			);
			runOnlyForDeploymentPostprocessing = 0;
		};
		909AD2F01ADD7FA2003344F7 /* Frameworks */ = {
			isa = PBXFrameworksBuildPhase;
			buildActionMask = 2147483647;
			files = (
			);
			runOnlyForDeploymentPostprocessing = 0;
		};
/* End PBXFrameworksBuildPhase section */

/* Begin PBXGroup section */
		903F5C931AE04177008E1FAB /* Shared */ = {
			isa = PBXGroup;
			children = (
				903F5C911AE04172008E1FAB /* GradientView.swift */,
			);
			name = Shared;
			sourceTree = "<group>";
		};
		9070533F1ADF00CA00DC8E27 /* Code */ = {
			isa = PBXGroup;
			children = (
				907053451ADF023C00DC8E27 /* Utils */,
				907053401ADF00CF00DC8E27 /* Controllers */,
				907053411ADF023500DC8E27 /* WWDC15-Bridging-Header.h */,
				907053481ADF03CF00DC8E27 /* Views */,
			);
			name = Code;
			sourceTree = "<group>";
		};
		907053401ADF00CF00DC8E27 /* Controllers */ = {
			isa = PBXGroup;
			children = (
				9070533D1ADF00C700DC8E27 /* ProjectsViewController.swift */,
				903F5C941AE04ACA008E1FAB /* ProjectDetailsViewController.swift */,
				9092A04D1AE3DBBB00EFE45E /* CirclesEditorViewController.swift */,
				909757E01AE6FFB500F858AA /* IntoTheWildViewController.swift */,
			);
			name = Controllers;
			sourceTree = "<group>";
		};
		907053451ADF023C00DC8E27 /* Utils */ = {
			isa = PBXGroup;
			children = (
				90476B631AE7AA61002CAF31 /* TunelCollectionViewLayout.h */,
				90476B641AE7AA61002CAF31 /* TunelCollectionViewLayout.m */,
				907053421ADF023500DC8E27 /* PBDCarouselCollectionViewLayout.h */,
				907053431ADF023500DC8E27 /* PBDCarouselCollectionViewLayout.m */,
				908037F51AE26A4E000CE771 /* Transitions */,
			);
			name = Utils;
			sourceTree = "<group>";
		};
		907053481ADF03CF00DC8E27 /* Views */ = {
			isa = PBXGroup;
			children = (
				9070534D1ADF041300DC8E27 /* Cells */,
				903F5C931AE04177008E1FAB /* Shared */,
				903DA6511AE6D7B70010508D /* DSAnimatedAppleView.swift */,
				909757DE1AE6ED0800F858AA /* IntoTheWildView.xib */,
			);
			name = Views;
			sourceTree = "<group>";
		};
		9070534D1ADF041300DC8E27 /* Cells */ = {
			isa = PBXGroup;
			children = (
				907053491ADF041000DC8E27 /* ProjectCollectionViewCell.swift */,
				9070534A1ADF041000DC8E27 /* ProjectCollectionViewCell.xib */,
			);
			name = Cells;
			sourceTree = "<group>";
		};
		908037F51AE26A4E000CE771 /* Transitions */ = {
			isa = PBXGroup;
			children = (
				908037F31AE26A4C000CE771 /* SpreadingTransition.swift */,
			);
			name = Transitions;
			sourceTree = "<group>";
		};
		909AD2D51ADD7FA2003344F7 = {
			isa = PBXGroup;
			children = (
				909AD2E01ADD7FA2003344F7 /* WWDC15 */,
				909AD2F61ADD7FA2003344F7 /* WWDC15Tests */,
				909AD2DF1ADD7FA2003344F7 /* Products */,
			);
			sourceTree = "<group>";
		};
		909AD2DF1ADD7FA2003344F7 /* Products */ = {
			isa = PBXGroup;
			children = (
				909AD2DE1ADD7FA2003344F7 /* WWDC15.app */,
				909AD2F31ADD7FA2003344F7 /* WWDC15Tests.xctest */,
			);
			name = Products;
			sourceTree = "<group>";
		};
		909AD2E01ADD7FA2003344F7 /* WWDC15 */ = {
			isa = PBXGroup;
			children = (
				909AD2E31ADD7FA2003344F7 /* AppDelegate.swift */,
				909AD2E51ADD7FA2003344F7 /* ViewController.swift */,
				9070533F1ADF00CA00DC8E27 /* Code */,
				909AD2E71ADD7FA2003344F7 /* Main.storyboard */,
				909AD2EA1ADD7FA2003344F7 /* Images.xcassets */,
				909AD2EC1ADD7FA2003344F7 /* LaunchScreen.xib */,
				909AD2E11ADD7FA2003344F7 /* Supporting Files */,
			);
			path = WWDC15;
			sourceTree = "<group>";
		};
		909AD2E11ADD7FA2003344F7 /* Supporting Files */ = {
			isa = PBXGroup;
			children = (
				90C3E8C31AE6B60E006338F7 /* Resources */,
				909AD2E21ADD7FA2003344F7 /* Info.plist */,
			);
			name = "Supporting Files";
			sourceTree = "<group>";
		};
		909AD2F61ADD7FA2003344F7 /* WWDC15Tests */ = {
			isa = PBXGroup;
			children = (
				909AD2F91ADD7FA2003344F7 /* WWDC15Tests.swift */,
				909AD2F71ADD7FA2003344F7 /* Supporting Files */,
			);
			path = WWDC15Tests;
			sourceTree = "<group>";
		};
		909AD2F71ADD7FA2003344F7 /* Supporting Files */ = {
			isa = PBXGroup;
			children = (
				909AD2F81ADD7FA2003344F7 /* Info.plist */,
			);
			name = "Supporting Files";
			sourceTree = "<group>";
		};
		90C3E8C31AE6B60E006338F7 /* Resources */ = {
			isa = PBXGroup;
			children = (
				90C3E8C11AE6B60B006338F7 /* points.plist */,
			);
			name = Resources;
			sourceTree = "<group>";
		};
/* End PBXGroup section */

/* Begin PBXNativeTarget section */
		909AD2DD1ADD7FA2003344F7 /* WWDC15 */ = {
			isa = PBXNativeTarget;
			buildConfigurationList = 909AD2FD1ADD7FA2003344F7 /* Build configuration list for PBXNativeTarget "WWDC15" */;
			buildPhases = (
				909AD2DA1ADD7FA2003344F7 /* Sources */,
				909AD2DB1ADD7FA2003344F7 /* Frameworks */,
				909AD2DC1ADD7FA2003344F7 /* Resources */,
			);
			buildRules = (
			);
			dependencies = (
			);
			name = WWDC15;
			productName = WWDC15;
			productReference = 909AD2DE1ADD7FA2003344F7 /* WWDC15.app */;
			productType = "com.apple.product-type.application";
		};
		909AD2F21ADD7FA2003344F7 /* WWDC15Tests */ = {
			isa = PBXNativeTarget;
			buildConfigurationList = 909AD3001ADD7FA2003344F7 /* Build configuration list for PBXNativeTarget "WWDC15Tests" */;
			buildPhases = (
				909AD2EF1ADD7FA2003344F7 /* Sources */,
				909AD2F01ADD7FA2003344F7 /* Frameworks */,
				909AD2F11ADD7FA2003344F7 /* Resources */,
			);
			buildRules = (
			);
			dependencies = (
				909AD2F51ADD7FA2003344F7 /* PBXTargetDependency */,
			);
			name = WWDC15Tests;
			productName = WWDC15Tests;
			productReference = 909AD2F31ADD7FA2003344F7 /* WWDC15Tests.xctest */;
			productType = "com.apple.product-type.bundle.unit-test";
		};
/* End PBXNativeTarget section */

/* Begin PBXProject section */
		909AD2D61ADD7FA2003344F7 /* Project object */ = {
			isa = PBXProject;
			attributes = {
				LastUpgradeCheck = 0630;
				ORGANIZATIONNAME = "Michal Smialko";
				TargetAttributes = {
					909AD2DD1ADD7FA2003344F7 = {
						CreatedOnToolsVersion = 6.3;
						DevelopmentTeam = A7B6W92B4H;
					};
					909AD2F21ADD7FA2003344F7 = {
						CreatedOnToolsVersion = 6.3;
						TestTargetID = 909AD2DD1ADD7FA2003344F7;
					};
				};
			};
			buildConfigurationList = 909AD2D91ADD7FA2003344F7 /* Build configuration list for PBXProject "WWDC15" */;
			compatibilityVersion = "Xcode 3.2";
			developmentRegion = English;
			hasScannedForEncodings = 0;
			knownRegions = (
				en,
				Base,
			);
			mainGroup = 909AD2D51ADD7FA2003344F7;
			productRefGroup = 909AD2DF1ADD7FA2003344F7 /* Products */;
			projectDirPath = "";
			projectRoot = "";
			targets = (
				909AD2DD1ADD7FA2003344F7 /* WWDC15 */,
				909AD2F21ADD7FA2003344F7 /* WWDC15Tests */,
			);
		};
/* End PBXProject section */

/* Begin PBXResourcesBuildPhase section */
		909AD2DC1ADD7FA2003344F7 /* Resources */ = {
			isa = PBXResourcesBuildPhase;
			buildActionMask = 2147483647;
			files = (
				90C3E8C21AE6B60B006338F7 /* points.plist in Resources */,
				9070534C1ADF041000DC8E27 /* ProjectCollectionViewCell.xib in Resources */,
				909AD2E91ADD7FA2003344F7 /* Main.storyboard in Resources */,
				909AD2EE1ADD7FA2003344F7 /* LaunchScreen.xib in Resources */,
				909757DF1AE6ED0800F858AA /* IntoTheWildView.xib in Resources */,
				909AD2EB1ADD7FA2003344F7 /* Images.xcassets in Resources */,
			);
			runOnlyForDeploymentPostprocessing = 0;
		};
		909AD2F11ADD7FA2003344F7 /* Resources */ = {
			isa = PBXResourcesBuildPhase;
			buildActionMask = 2147483647;
			files = (
			);
			runOnlyForDeploymentPostprocessing = 0;
		};
/* End PBXResourcesBuildPhase section */

/* Begin PBXSourcesBuildPhase section */
		909AD2DA1ADD7FA2003344F7 /* Sources */ = {
			isa = PBXSourcesBuildPhase;
			buildActionMask = 2147483647;
			files = (
				9070534B1ADF041000DC8E27 /* ProjectCollectionViewCell.swift in Sources */,
				9070533E1ADF00C700DC8E27 /* ProjectsViewController.swift in Sources */,
				903F5C921AE04172008E1FAB /* GradientView.swift in Sources */,
				909AD2E61ADD7FA2003344F7 /* ViewController.swift in Sources */,
				9092A04E1AE3DBBB00EFE45E /* CirclesEditorViewController.swift in Sources */,
				908037F41AE26A4C000CE771 /* SpreadingTransition.swift in Sources */,
				903F5C961AE04ACA008E1FAB /* ProjectDetailsViewController.swift in Sources */,
				909757E11AE6FFB500F858AA /* IntoTheWildViewController.swift in Sources */,
				909AD2E41ADD7FA2003344F7 /* AppDelegate.swift in Sources */,
				907053441ADF023500DC8E27 /* PBDCarouselCollectionViewLayout.m in Sources */,
				903DA6521AE6D7B70010508D /* DSAnimatedAppleView.swift in Sources */,
				90476B651AE7AA61002CAF31 /* TunelCollectionViewLayout.m in Sources */,
			);
			runOnlyForDeploymentPostprocessing = 0;
		};
		909AD2EF1ADD7FA2003344F7 /* Sources */ = {
			isa = PBXSourcesBuildPhase;
			buildActionMask = 2147483647;
			files = (
				909AD2FA1ADD7FA2003344F7 /* WWDC15Tests.swift in Sources */,
			);
			runOnlyForDeploymentPostprocessing = 0;
		};
/* End PBXSourcesBuildPhase section */

/* Begin PBXTargetDependency section */
		909AD2F51ADD7FA2003344F7 /* PBXTargetDependency */ = {
			isa = PBXTargetDependency;
			target = 909AD2DD1ADD7FA2003344F7 /* WWDC15 */;
			targetProxy = 909AD2F41ADD7FA2003344F7 /* PBXContainerItemProxy */;
		};
/* End PBXTargetDependency section */

/* Begin PBXVariantGroup section */
		909AD2E71ADD7FA2003344F7 /* Main.storyboard */ = {
			isa = PBXVariantGroup;
			children = (
				909AD2E81ADD7FA2003344F7 /* Base */,
			);
			name = Main.storyboard;
			sourceTree = "<group>";
		};
		909AD2EC1ADD7FA2003344F7 /* LaunchScreen.xib */ = {
			isa = PBXVariantGroup;
			children = (
				909AD2ED1ADD7FA2003344F7 /* Base */,
			);
			name = LaunchScreen.xib;
			sourceTree = "<group>";
		};
/* End PBXVariantGroup section */

/* Begin XCBuildConfiguration section */
		909AD2FB1ADD7FA2003344F7 /* Debug */ = {
			isa = XCBuildConfiguration;
			buildSettings = {
				ALWAYS_SEARCH_USER_PATHS = NO;
				CLANG_CXX_LANGUAGE_STANDARD = "gnu++0x";
				CLANG_CXX_LIBRARY = "libc++";
				CLANG_ENABLE_MODULES = YES;
				CLANG_ENABLE_OBJC_ARC = YES;
				CLANG_WARN_BOOL_CONVERSION = YES;
				CLANG_WARN_CONSTANT_CONVERSION = YES;
				CLANG_WARN_DIRECT_OBJC_ISA_USAGE = YES_ERROR;
				CLANG_WARN_EMPTY_BODY = YES;
				CLANG_WARN_ENUM_CONVERSION = YES;
				CLANG_WARN_INT_CONVERSION = YES;
				CLANG_WARN_OBJC_ROOT_CLASS = YES_ERROR;
				CLANG_WARN_UNREACHABLE_CODE = YES;
				CLANG_WARN__DUPLICATE_METHOD_MATCH = YES;
				"CODE_SIGN_IDENTITY[sdk=iphoneos*]" = "iPhone Developer";
				COPY_PHASE_STRIP = NO;
				DEBUG_INFORMATION_FORMAT = "dwarf-with-dsym";
				ENABLE_STRICT_OBJC_MSGSEND = YES;
				GCC_C_LANGUAGE_STANDARD = gnu99;
				GCC_DYNAMIC_NO_PIC = NO;
				GCC_NO_COMMON_BLOCKS = YES;
				GCC_OPTIMIZATION_LEVEL = 0;
				GCC_PREPROCESSOR_DEFINITIONS = (
					"DEBUG=1",
					"$(inherited)",
				);
				GCC_SYMBOLS_PRIVATE_EXTERN = NO;
				GCC_WARN_64_TO_32_BIT_CONVERSION = YES;
				GCC_WARN_ABOUT_RETURN_TYPE = YES_ERROR;
				GCC_WARN_UNDECLARED_SELECTOR = YES;
				GCC_WARN_UNINITIALIZED_AUTOS = YES_AGGRESSIVE;
				GCC_WARN_UNUSED_FUNCTION = YES;
				GCC_WARN_UNUSED_VARIABLE = YES;
				IPHONEOS_DEPLOYMENT_TARGET = 8.3;
				MTL_ENABLE_DEBUG_INFO = YES;
				ONLY_ACTIVE_ARCH = YES;
				SDKROOT = iphoneos;
				SWIFT_OPTIMIZATION_LEVEL = "-Onone";
				TARGETED_DEVICE_FAMILY = 2;
			};
			name = Debug;
		};
		909AD2FC1ADD7FA2003344F7 /* Release */ = {
			isa = XCBuildConfiguration;
			buildSettings = {
				ALWAYS_SEARCH_USER_PATHS = NO;
				CLANG_CXX_LANGUAGE_STANDARD = "gnu++0x";
				CLANG_CXX_LIBRARY = "libc++";
				CLANG_ENABLE_MODULES = YES;
				CLANG_ENABLE_OBJC_ARC = YES;
				CLANG_WARN_BOOL_CONVERSION = YES;
				CLANG_WARN_CONSTANT_CONVERSION = YES;
				CLANG_WARN_DIRECT_OBJC_ISA_USAGE = YES_ERROR;
				CLANG_WARN_EMPTY_BODY = YES;
				CLANG_WARN_ENUM_CONVERSION = YES;
				CLANG_WARN_INT_CONVERSION = YES;
				CLANG_WARN_OBJC_ROOT_CLASS = YES_ERROR;
				CLANG_WARN_UNREACHABLE_CODE = YES;
				CLANG_WARN__DUPLICATE_METHOD_MATCH = YES;
				"CODE_SIGN_IDENTITY[sdk=iphoneos*]" = "iPhone Developer";
				COPY_PHASE_STRIP = NO;
				DEBUG_INFORMATION_FORMAT = "dwarf-with-dsym";
				ENABLE_NS_ASSERTIONS = NO;
				ENABLE_STRICT_OBJC_MSGSEND = YES;
				GCC_C_LANGUAGE_STANDARD = gnu99;
				GCC_NO_COMMON_BLOCKS = YES;
				GCC_WARN_64_TO_32_BIT_CONVERSION = YES;
				GCC_WARN_ABOUT_RETURN_TYPE = YES_ERROR;
				GCC_WARN_UNDECLARED_SELECTOR = YES;
				GCC_WARN_UNINITIALIZED_AUTOS = YES_AGGRESSIVE;
				GCC_WARN_UNUSED_FUNCTION = YES;
				GCC_WARN_UNUSED_VARIABLE = YES;
				IPHONEOS_DEPLOYMENT_TARGET = 8.3;
				MTL_ENABLE_DEBUG_INFO = NO;
				SDKROOT = iphoneos;
				TARGETED_DEVICE_FAMILY = 2;
				VALIDATE_PRODUCT = YES;
			};
			name = Release;
		};
		909AD2FE1ADD7FA2003344F7 /* Debug */ = {
			isa = XCBuildConfiguration;
			buildSettings = {
				ASSETCATALOG_COMPILER_APPICON_NAME = AppIcon;
				CLANG_ENABLE_MODULES = YES;
				CODE_SIGN_IDENTITY = "iPhone Developer";
				INFOPLIST_FILE = WWDC15/Info.plist;
				LD_RUNPATH_SEARCH_PATHS = "$(inherited) @executable_path/Frameworks";
				PRODUCT_NAME = "$(TARGET_NAME)";
				SWIFT_OBJC_BRIDGING_HEADER = "WWDC15/WWDC15-Bridging-Header.h";
				SWIFT_OPTIMIZATION_LEVEL = "-Onone";
			};
			name = Debug;
		};
		909AD2FF1ADD7FA2003344F7 /* Release */ = {
			isa = XCBuildConfiguration;
			buildSettings = {
				ASSETCATALOG_COMPILER_APPICON_NAME = AppIcon;
				CLANG_ENABLE_MODULES = YES;
				CODE_SIGN_IDENTITY = "iPhone Developer";
				INFOPLIST_FILE = WWDC15/Info.plist;
				LD_RUNPATH_SEARCH_PATHS = "$(inherited) @executable_path/Frameworks";
				PRODUCT_NAME = "$(TARGET_NAME)";
				SWIFT_OBJC_BRIDGING_HEADER = "WWDC15/WWDC15-Bridging-Header.h";
			};
			name = Release;
		};
		909AD3011ADD7FA2003344F7 /* Debug */ = {
			isa = XCBuildConfiguration;
			buildSettings = {
				BUNDLE_LOADER = "$(TEST_HOST)";
				FRAMEWORK_SEARCH_PATHS = (
					"$(SDKROOT)/Developer/Library/Frameworks",
					"$(inherited)",
				);
				GCC_PREPROCESSOR_DEFINITIONS = (
					"DEBUG=1",
					"$(inherited)",
				);
				INFOPLIST_FILE = WWDC15Tests/Info.plist;
				LD_RUNPATH_SEARCH_PATHS = "$(inherited) @executable_path/Frameworks @loader_path/Frameworks";
				PRODUCT_NAME = "$(TARGET_NAME)";
				TEST_HOST = "$(BUILT_PRODUCTS_DIR)/WWDC15.app/WWDC15";
			};
			name = Debug;
		};
		909AD3021ADD7FA2003344F7 /* Release */ = {
			isa = XCBuildConfiguration;
			buildSettings = {
				BUNDLE_LOADER = "$(TEST_HOST)";
				FRAMEWORK_SEARCH_PATHS = (
					"$(SDKROOT)/Developer/Library/Frameworks",
					"$(inherited)",
				);
				INFOPLIST_FILE = WWDC15Tests/Info.plist;
				LD_RUNPATH_SEARCH_PATHS = "$(inherited) @executable_path/Frameworks @loader_path/Frameworks";
				PRODUCT_NAME = "$(TARGET_NAME)";
				TEST_HOST = "$(BUILT_PRODUCTS_DIR)/WWDC15.app/WWDC15";
			};
			name = Release;
		};
/* End XCBuildConfiguration section */

/* Begin XCConfigurationList section */
		909AD2D91ADD7FA2003344F7 /* Build configuration list for PBXProject "WWDC15" */ = {
			isa = XCConfigurationList;
			buildConfigurations = (
				909AD2FB1ADD7FA2003344F7 /* Debug */,
				909AD2FC1ADD7FA2003344F7 /* Release */,
			);
			defaultConfigurationIsVisible = 0;
			defaultConfigurationName = Release;
		};
		909AD2FD1ADD7FA2003344F7 /* Build configuration list for PBXNativeTarget "WWDC15" */ = {
			isa = XCConfigurationList;
			buildConfigurations = (
				909AD2FE1ADD7FA2003344F7 /* Debug */,
				909AD2FF1ADD7FA2003344F7 /* Release */,
			);
			defaultConfigurationIsVisible = 0;
			defaultConfigurationName = Release;
		};
		909AD3001ADD7FA2003344F7 /* Build configuration list for PBXNativeTarget "WWDC15Tests" */ = {
			isa = XCConfigurationList;
			buildConfigurations = (
				909AD3011ADD7FA2003344F7 /* Debug */,
				909AD3021ADD7FA2003344F7 /* Release */,
			);
			defaultConfigurationIsVisible = 0;
			defaultConfigurationName = Release;
		};
/* End XCConfigurationList section */
	};
	rootObject = 909AD2D61ADD7FA2003344F7 /* Project object */;
}
